
Microsoft Visual Studio Solution File, Format Version 12.00
# Visual Studio Version 17
VisualStudioVersion = 17.8.34511.84
MinimumVisualStudioVersion = 10.0.40219.1
Project("{FAE04EC0-301F-11D3-BF4B-00C04F79EFBC}") = "LibraryMgt", "LibraryMgt.csproj", "{CEE66C1A-225A-4275-8DA4-091838146982}"
EndProject
Global
	GlobalSection(SolutionConfigurationPlatforms) = preSolution
		Debug|Any CPU = Debug|Any CPU
		Release|Any CPU = Release|Any CPU
	EndGlobalSection
	GlobalSection(ProjectConfigurationPlatforms) = postSolution
		{CEE66C1A-225A-4275-8DA4-091838146982}.Debug|Any CPU.ActiveCfg = Debug|Any CPU
		{CEE66C1A-225A-4275-8DA4-091838146982}.Debug|Any CPU.Build.0 = Debug|Any CPU
		{CEE66C1A-225A-4275-8DA4-091838146982}.Release|Any CPU.ActiveCfg = Release|Any CPU
		{CEE66C1A-225A-4275-8DA4-091838146982}.Release|Any CPU.Build.0 = Release|Any CPU
	EndGlobalSection
	GlobalSection(SolutionProperties) = preSolution
		HideSolutionNode = FALSE
	EndGlobalSection
	GlobalSection(ExtensibilityGlobals) = postSolution
		SolutionGuid = {21CB00EA-F3DA-4822-8B19-A41E8DF8DD68}
	EndGlobalSection
EndGlobal
